
Microsoft Visual Studio Solution File, Format Version 12.00
# Visual Studio Version 17
VisualStudioVersion = 17.2.32526.322
MinimumVisualStudioVersion = 10.0.40219.1
Project("{9A19103F-16F7-4668-BE54-9A1E7A4F7556}") = "HelloWorldPackage", "HelloWorldPackage\HelloWorldPackage.csproj", "{61CEA910-4D97-40B1-BF22-993552CB867B}"
EndProject
Project("{9A19103F-16F7-4668-BE54-9A1E7A4F7556}") = "Umbraco.Cms.10x", "Umbraco.Cms.10x\Umbraco.Cms.10x.csproj", "{07CDDD60-4A59-4605-8C3A-B2407E02892A}"
EndProject
Global
	GlobalSection(SolutionConfigurationPlatforms) = preSolution
		Debug|Any CPU = Debug|Any CPU
		Release|Any CPU = Release|Any CPU
	EndGlobalSection
	GlobalSection(ProjectConfigurationPlatforms) = postSolution
		{61CEA910-4D97-40B1-BF22-993552CB867B}.Debug|Any CPU.ActiveCfg = Debug|Any CPU
		{61CEA910-4D97-40B1-BF22-993552CB867B}.Debug|Any CPU.Build.0 = Debug|Any CPU
		{61CEA910-4D97-40B1-BF22-993552CB867B}.Release|Any CPU.ActiveCfg = Release|Any CPU
		{61CEA910-4D97-40B1-BF22-993552CB867B}.Release|Any CPU.Build.0 = Release|Any CPU
		{07CDDD60-4A59-4605-8C3A-B2407E02892A}.Debug|Any CPU.ActiveCfg = Debug|Any CPU
		{07CDDD60-4A59-4605-8C3A-B2407E02892A}.Debug|Any CPU.Build.0 = Debug|Any CPU
		{07CDDD60-4A59-4605-8C3A-B2407E02892A}.Release|Any CPU.ActiveCfg = Release|Any CPU
		{07CDDD60-4A59-4605-8C3A-B2407E02892A}.Release|Any CPU.Build.0 = Release|Any CPU
	EndGlobalSection
	GlobalSection(SolutionProperties) = preSolution
		HideSolutionNode = FALSE
	EndGlobalSection
	GlobalSection(ExtensibilityGlobals) = postSolution
		SolutionGuid = {5A882B1C-94AB-42AC-930F-631C28AB35AA}
	EndGlobalSection
EndGlobal
